Microsoft Visual Studio Solution File, Format Version 11.00
# Visual Studio 2010
Project("{FAE04EC0-301F-11D3-BF4B-00C04F79EFBC}") = "xline.stopwatch", "xline.stopwatch\xline.stopwatch.csproj", "{345CBC2F-5E2E-4C76-A305-D07A1D47F737}"
EndProject
Global
	GlobalSection(SolutionConfigurationPlatforms) = preSolution
		Debug|Any CPU = Debug|Any CPU
		Release|Any CPU = Release|Any CPU
	EndGlobalSection
	GlobalSection(ProjectConfigurationPlatforms) = postSolution
		{345CBC2F-5E2E-4C76-A305-D07A1D47F737}.Debug|Any CPU.ActiveCfg = Debug|Any CPU
		{345CBC2F-5E2E-4C76-A305-D07A1D47F737}.Debug|Any CPU.Build.0 = Debug|Any CPU
		{345CBC2F-5E2E-4C76-A305-D07A1D47F737}.Release|Any CPU.ActiveCfg = Release|Any CPU
		{345CBC2F-5E2E-4C76-A305-D07A1D47F737}.Release|Any CPU.Build.0 = Release|Any CPU
	EndGlobalSection
	GlobalSection(SolutionProperties) = preSolution
		HideSolutionNode = FALSE
	EndGlobalSection
EndGlobal
